
Microsoft Visual Studio Solution File, Format Version 12.00
# Visual Studio Version 17
VisualStudioVersion = 17.12.35527.113
MinimumVisualStudioVersion = 10.0.40219.1
Project("{2150E333-8FDC-42A3-9474-1A3956D46DE8}") = "Core", "Core", "{0940F3AB-99E5-4ACB-8781-F35847A043C6}"
EndProject
Project("{2150E333-8FDC-42A3-9474-1A3956D46DE8}") = "Infrastructure", "Infrastructure", "{A3B16AAE-E73E-4A4C-967D-B038EFE3C952}"
EndProject
Project("{2150E333-8FDC-42A3-9474-1A3956D46DE8}") = "Presentation", "Presentation", "{A4CBDC0C-F04E-4461-9109-AB6BE9CDA824}"
EndProject
Project("{FAE04EC0-301F-11D3-BF4B-00C04F79EFBC}") = "Domain", "Core\Domain\Domain.csproj", "{D98A77C6-5AB0-4420-BD5C-9C9FEF01DDBC}"
EndProject
Project("{FAE04EC0-301F-11D3-BF4B-00C04F79EFBC}") = "Application", "Core\Application\Application.csproj", "{3412BDBE-7691-42A2-8EF3-F3EFC3F28350}"
EndProject
Project("{FAE04EC0-301F-11D3-BF4B-00C04F79EFBC}") = "Infrastructure", "Infrastructure\Infrastructure\Infrastructure.csproj", "{6883968C-42FC-4ADB-9B72-7B9E446F8544}"
EndProject
Project("{FAE04EC0-301F-11D3-BF4B-00C04F79EFBC}") = "ASPNET", "Presentation\ASPNET\ASPNET.csproj", "{FD5D5CD6-FE42-473F-B15D-A7623968BF94}"
EndProject
Project("{2150E333-8FDC-42A3-9474-1A3956D46DE8}") = "Tests", "Tests", "{0AB3BF05-4346-4AA6-1389-037BE0695223}"
EndProject
Project("{FAE04EC0-301F-11D3-BF4B-00C04F79EFBC}") = "Domain.Tests", "Tests\Domain.Tests\Domain.Tests.csproj", "{8BBAB290-9865-4F7E-B7CD-CA01531796E5}"
EndProject
Project("{FAE04EC0-301F-11D3-BF4B-00C04F79EFBC}") = "Application.Tests", "Tests\Application.Tests\Application.Tests.csproj", "{7374BD09-2E4B-49B0-9502-328544A0C44B}"
EndProject
Project("{2150E333-8FDC-42A3-9474-1A3956D46DE8}") = "Tools", "Tools", "{07C2787E-EAC7-C090-1BA3-A61EC2A24D84}"
EndProject
Project("{FAE04EC0-301F-11D3-BF4B-00C04F79EFBC}") = "NetworkSimulator", "Tools\NetworkSimulator\NetworkSimulator.csproj", "{AF9E28A8-BC2A-4580-AE69-EAD19020CC2E}"
EndProject
Project("{FAE04EC0-301F-11D3-BF4B-00C04F79EFBC}") = "ASPNET.E2E.Tests", "Tests\ASPNET.E2E.Tests\ASPNET.E2E.Tests.csproj", "{F4B3A472-1290-4F1F-9F21-D211E4B52590}"
EndProject
Global
	GlobalSection(SolutionConfigurationPlatforms) = preSolution
		Debug|Any CPU = Debug|Any CPU
		Debug|x64 = Debug|x64
		Debug|x86 = Debug|x86
		Release|Any CPU = Release|Any CPU
		Release|x64 = Release|x64
		Release|x86 = Release|x86
	EndGlobalSection
	GlobalSection(ProjectConfigurationPlatforms) = postSolution
		{D98A77C6-5AB0-4420-BD5C-9C9FEF01DDBC}.Debug|Any CPU.ActiveCfg = Debug|Any CPU
		{D98A77C6-5AB0-4420-BD5C-9C9FEF01DDBC}.Debug|Any CPU.Build.0 = Debug|Any CPU
		{D98A77C6-5AB0-4420-BD5C-9C9FEF01DDBC}.Debug|x64.ActiveCfg = Debug|Any CPU
		{D98A77C6-5AB0-4420-BD5C-9C9FEF01DDBC}.Debug|x64.Build.0 = Debug|Any CPU
		{D98A77C6-5AB0-4420-BD5C-9C9FEF01DDBC}.Debug|x86.ActiveCfg = Debug|Any CPU
		{D98A77C6-5AB0-4420-BD5C-9C9FEF01DDBC}.Debug|x86.Build.0 = Debug|Any CPU
		{D98A77C6-5AB0-4420-BD5C-9C9FEF01DDBC}.Release|Any CPU.ActiveCfg = Release|Any CPU
		{D98A77C6-5AB0-4420-BD5C-9C9FEF01DDBC}.Release|Any CPU.Build.0 = Release|Any CPU
		{D98A77C6-5AB0-4420-BD5C-9C9FEF01DDBC}.Release|x64.ActiveCfg = Release|Any CPU
		{D98A77C6-5AB0-4420-BD5C-9C9FEF01DDBC}.Release|x64.Build.0 = Release|Any CPU
		{D98A77C6-5AB0-4420-BD5C-9C9FEF01DDBC}.Release|x86.ActiveCfg = Release|Any CPU
		{D98A77C6-5AB0-4420-BD5C-9C9FEF01DDBC}.Release|x86.Build.0 = Release|Any CPU
		{3412BDBE-7691-42A2-8EF3-F3EFC3F28350}.Debug|Any CPU.ActiveCfg = Debug|Any CPU
		{3412BDBE-7691-42A2-8EF3-F3EFC3F28350}.Debug|Any CPU.Build.0 = Debug|Any CPU
		{3412BDBE-7691-42A2-8EF3-F3EFC3F28350}.Debug|x64.ActiveCfg = Debug|Any CPU
		{3412BDBE-7691-42A2-8EF3-F3EFC3F28350}.Debug|x64.Build.0 = Debug|Any CPU
		{3412BDBE-7691-42A2-8EF3-F3EFC3F28350}.Debug|x86.ActiveCfg = Debug|Any CPU
		{3412BDBE-7691-42A2-8EF3-F3EFC3F28350}.Debug|x86.Build.0 = Debug|Any CPU
		{3412BDBE-7691-42A2-8EF3-F3EFC3F28350}.Release|Any CPU.ActiveCfg = Release|Any CPU
		{3412BDBE-7691-42A2-8EF3-F3EFC3F28350}.Release|Any CPU.Build.0 = Release|Any CPU
		{3412BDBE-7691-42A2-8EF3-F3EFC3F28350}.Release|x64.ActiveCfg = Release|Any CPU
		{3412BDBE-7691-42A2-8EF3-F3EFC3F28350}.Release|x64.Build.0 = Release|Any CPU
		{3412BDBE-7691-42A2-8EF3-F3EFC3F28350}.Release|x86.ActiveCfg = Release|Any CPU
		{3412BDBE-7691-42A2-8EF3-F3EFC3F28350}.Release|x86.Build.0 = Release|Any CPU
		{6883968C-42FC-4ADB-9B72-7B9E446F8544}.Debug|Any CPU.ActiveCfg = Debug|Any CPU
		{6883968C-42FC-4ADB-9B72-7B9E446F8544}.Debug|Any CPU.Build.0 = Debug|Any CPU
		{6883968C-42FC-4ADB-9B72-7B9E446F8544}.Debug|x64.ActiveCfg = Debug|Any CPU
		{6883968C-42FC-4ADB-9B72-7B9E446F8544}.Debug|x64.Build.0 = Debug|Any CPU
		{6883968C-42FC-4ADB-9B72-7B9E446F8544}.Debug|x86.ActiveCfg = Debug|Any CPU
		{6883968C-42FC-4ADB-9B72-7B9E446F8544}.Debug|x86.Build.0 = Debug|Any CPU
		{6883968C-42FC-4ADB-9B72-7B9E446F8544}.Release|Any CPU.ActiveCfg = Release|Any CPU
		{6883968C-42FC-4ADB-9B72-7B9E446F8544}.Release|Any CPU.Build.0 = Release|Any CPU
		{6883968C-42FC-4ADB-9B72-7B9E446F8544}.Release|x64.ActiveCfg = Release|Any CPU
		{6883968C-42FC-4ADB-9B72-7B9E446F8544}.Release|x64.Build.0 = Release|Any CPU
		{6883968C-42FC-4ADB-9B72-7B9E446F8544}.Release|x86.ActiveCfg = Release|Any CPU
		{6883968C-42FC-4ADB-9B72-7B9E446F8544}.Release|x86.Build.0 = Release|Any CPU
		{FD5D5CD6-FE42-473F-B15D-A7623968BF94}.Debug|Any CPU.ActiveCfg = Debug|Any CPU
		{FD5D5CD6-FE42-473F-B15D-A7623968BF94}.Debug|Any CPU.Build.0 = Debug|Any CPU
		{FD5D5CD6-FE42-473F-B15D-A7623968BF94}.Debug|x64.ActiveCfg = Debug|Any CPU
		{FD5D5CD6-FE42-473F-B15D-A7623968BF94}.Debug|x64.Build.0 = Debug|Any CPU
		{FD5D5CD6-FE42-473F-B15D-A7623968BF94}.Debug|x86.ActiveCfg = Debug|Any CPU
		{FD5D5CD6-FE42-473F-B15D-A7623968BF94}.Debug|x86.Build.0 = Debug|Any CPU
		{FD5D5CD6-FE42-473F-B15D-A7623968BF94}.Release|Any CPU.ActiveCfg = Release|Any CPU
		{FD5D5CD6-FE42-473F-B15D-A7623968BF94}.Release|Any CPU.Build.0 = Release|Any CPU
		{FD5D5CD6-FE42-473F-B15D-A7623968BF94}.Release|x64.ActiveCfg = Release|Any CPU
		{FD5D5CD6-FE42-473F-B15D-A7623968BF94}.Release|x64.Build.0 = Release|Any CPU
		{FD5D5CD6-FE42-473F-B15D-A7623968BF94}.Release|x86.ActiveCfg = Release|Any CPU
		{FD5D5CD6-FE42-473F-B15D-A7623968BF94}.Release|x86.Build.0 = Release|Any CPU
		{8BBAB290-9865-4F7E-B7CD-CA01531796E5}.Debug|Any CPU.ActiveCfg = Debug|Any CPU
		{8BBAB290-9865-4F7E-B7CD-CA01531796E5}.Debug|Any CPU.Build.0 = Debug|Any CPU
		{8BBAB290-9865-4F7E-B7CD-CA01531796E5}.Debug|x64.ActiveCfg = Debug|Any CPU
		{8BBAB290-9865-4F7E-B7CD-CA01531796E5}.Debug|x64.Build.0 = Debug|Any CPU
		{8BBAB290-9865-4F7E-B7CD-CA01531796E5}.Debug|x86.ActiveCfg = Debug|Any CPU
		{8BBAB290-9865-4F7E-B7CD-CA01531796E5}.Debug|x86.Build.0 = Debug|Any CPU
		{8BBAB290-9865-4F7E-B7CD-CA01531796E5}.Release|Any CPU.ActiveCfg = Release|Any CPU
		{8BBAB290-9865-4F7E-B7CD-CA01531796E5}.Release|Any CPU.Build.0 = Release|Any CPU
		{8BBAB290-9865-4F7E-B7CD-CA01531796E5}.Release|x64.ActiveCfg = Release|Any CPU
		{8BBAB290-9865-4F7E-B7CD-CA01531796E5}.Release|x64.Build.0 = Release|Any CPU
		{8BBAB290-9865-4F7E-B7CD-CA01531796E5}.Release|x86.ActiveCfg = Release|Any CPU
		{8BBAB290-9865-4F7E-B7CD-CA01531796E5}.Release|x86.Build.0 = Release|Any CPU
		{7374BD09-2E4B-49B0-9502-328544A0C44B}.Debug|Any CPU.ActiveCfg = Debug|Any CPU
		{7374BD09-2E4B-49B0-9502-328544A0C44B}.Debug|Any CPU.Build.0 = Debug|Any CPU
		{7374BD09-2E4B-49B0-9502-328544A0C44B}.Debug|x64.ActiveCfg = Debug|Any CPU
		{7374BD09-2E4B-49B0-9502-328544A0C44B}.Debug|x64.Build.0 = Debug|Any CPU
		{7374BD09-2E4B-49B0-9502-328544A0C44B}.Debug|x86.ActiveCfg = Debug|Any CPU
		{7374BD09-2E4B-49B0-9502-328544A0C44B}.Debug|x86.Build.0 = Debug|Any CPU
		{7374BD09-2E4B-49B0-9502-328544A0C44B}.Release|Any CPU.ActiveCfg = Release|Any CPU
		{7374BD09-2E4B-49B0-9502-328544A0C44B}.Release|Any CPU.Build.0 = Release|Any CPU
		{7374BD09-2E4B-49B0-9502-328544A0C44B}.Release|x64.ActiveCfg = Release|Any CPU
		{7374BD09-2E4B-49B0-9502-328544A0C44B}.Release|x64.Build.0 = Release|Any CPU
		{7374BD09-2E4B-49B0-9502-328544A0C44B}.Release|x86.ActiveCfg = Release|Any CPU
		{7374BD09-2E4B-49B0-9502-328544A0C44B}.Release|x86.Build.0 = Release|Any CPU
		{AF9E28A8-BC2A-4580-AE69-EAD19020CC2E}.Debug|Any CPU.ActiveCfg = Debug|Any CPU
		{AF9E28A8-BC2A-4580-AE69-EAD19020CC2E}.Debug|Any CPU.Build.0 = Debug|Any CPU
		{AF9E28A8-BC2A-4580-AE69-EAD19020CC2E}.Debug|x64.ActiveCfg = Debug|Any CPU
		{AF9E28A8-BC2A-4580-AE69-EAD19020CC2E}.Debug|x64.Build.0 = Debug|Any CPU
		{AF9E28A8-BC2A-4580-AE69-EAD19020CC2E}.Debug|x86.ActiveCfg = Debug|Any CPU
		{AF9E28A8-BC2A-4580-AE69-EAD19020CC2E}.Debug|x86.Build.0 = Debug|Any CPU
		{AF9E28A8-BC2A-4580-AE69-EAD19020CC2E}.Release|Any CPU.ActiveCfg = Release|Any CPU
		{AF9E28A8-BC2A-4580-AE69-EAD19020CC2E}.Release|Any CPU.Build.0 = Release|Any CPU
		{AF9E28A8-BC2A-4580-AE69-EAD19020CC2E}.Release|x64.ActiveCfg = Release|Any CPU
		{AF9E28A8-BC2A-4580-AE69-EAD19020CC2E}.Release|x64.Build.0 = Release|Any CPU
		{AF9E28A8-BC2A-4580-AE69-EAD19020CC2E}.Release|x86.ActiveCfg = Release|Any CPU
		{AF9E28A8-BC2A-4580-AE69-EAD19020CC2E}.Release|x86.Build.0 = Release|Any CPU
		{F4B3A472-1290-4F1F-9F21-D211E4B52590}.Debug|Any CPU.ActiveCfg = Debug|Any CPU
		{F4B3A472-1290-4F1F-9F21-D211E4B52590}.Debug|Any CPU.Build.0 = Debug|Any CPU
		{F4B3A472-1290-4F1F-9F21-D211E4B52590}.Debug|x64.ActiveCfg = Debug|Any CPU
		{F4B3A472-1290-4F1F-9F21-D211E4B52590}.Debug|x64.Build.0 = Debug|Any CPU
		{F4B3A472-1290-4F1F-9F21-D211E4B52590}.Debug|x86.ActiveCfg = Debug|Any CPU
		{F4B3A472-1290-4F1F-9F21-D211E4B52590}.Debug|x86.Build.0 = Debug|Any CPU
		{F4B3A472-1290-4F1F-9F21-D211E4B52590}.Release|Any CPU.ActiveCfg = Release|Any CPU
		{F4B3A472-1290-4F1F-9F21-D211E4B52590}.Release|Any CPU.Build.0 = Release|Any CPU
		{F4B3A472-1290-4F1F-9F21-D211E4B52590}.Release|x64.ActiveCfg = Release|Any CPU
		{F4B3A472-1290-4F1F-9F21-D211E4B52590}.Release|x64.Build.0 = Release|Any CPU
		{F4B3A472-1290-4F1F-9F21-D211E4B52590}.Release|x86.ActiveCfg = Release|Any CPU
		{F4B3A472-1290-4F1F-9F21-D211E4B52590}.Release|x86.Build.0 = Release|Any CPU
	EndGlobalSection
	GlobalSection(SolutionProperties) = preSolution
		HideSolutionNode = FALSE
	EndGlobalSection
	GlobalSection(NestedProjects) = preSolution
		{D98A77C6-5AB0-4420-BD5C-9C9FEF01DDBC} = {0940F3AB-99E5-4ACB-8781-F35847A043C6}
		{3412BDBE-7691-42A2-8EF3-F3EFC3F28350} = {0940F3AB-99E5-4ACB-8781-F35847A043C6}
		{6883968C-42FC-4ADB-9B72-7B9E446F8544} = {A3B16AAE-E73E-4A4C-967D-B038EFE3C952}
		{FD5D5CD6-FE42-473F-B15D-A7623968BF94} = {A4CBDC0C-F04E-4461-9109-AB6BE9CDA824}
		{8BBAB290-9865-4F7E-B7CD-CA01531796E5} = {0AB3BF05-4346-4AA6-1389-037BE0695223}
		{7374BD09-2E4B-49B0-9502-328544A0C44B} = {0AB3BF05-4346-4AA6-1389-037BE0695223}
		{AF9E28A8-BC2A-4580-AE69-EAD19020CC2E} = {07C2787E-EAC7-C090-1BA3-A61EC2A24D84}
		{F4B3A472-1290-4F1F-9F21-D211E4B52590} = {0AB3BF05-4346-4AA6-1389-037BE0695223}
	EndGlobalSection
EndGlobal
